
Microsoft Visual Studio Solution File, Format Version 12.00
# Visual Studio 15
VisualStudioVersion = 15.0.27004.2010
MinimumVisualStudioVersion = 10.0.40219.1
Project("{9A19103F-16F7-4668-BE54-9A1E7A4F7556}") = "Lykke.Job.CandlesProducer", "src\Lykke.Job.CandlesProducer\Lykke.Job.CandlesProducer.csproj", "{5566FD3E-0DB6-4BF3-A98D-4A1181B3E02C}"
EndProject
Project("{9A19103F-16F7-4668-BE54-9A1E7A4F7556}") = "Lykke.Job.CandlesProducer.Core", "src\Lykke.Job.CandlesProducer.Core\Lykke.Job.CandlesProducer.Core.csproj", "{0415D4B4-5275-4B5C-AFD5-644572CD91CD}"
EndProject
Project("{2150E333-8FDC-42A3-9474-1A3956D46DE8}") = "1. Infrastructure", "1. Infrastructure", "{68994F01-8220-4B7C-9AB8-14E137C44AE5}"
EndProject
Project("{2150E333-8FDC-42A3-9474-1A3956D46DE8}") = "2. Repositories", "2. Repositories", "{AA5ECC48-14C3-4BE7-AF0C-D59FCA2742C2}"
EndProject
Project("{2150E333-8FDC-42A3-9474-1A3956D46DE8}") = "3. Tests", "3. Tests", "{AB790991-CEB2-44A5-9C0C-A2D26DB86D41}"
EndProject
Project("{9A19103F-16F7-4668-BE54-9A1E7A4F7556}") = "Lykke.Job.CandlesProducer.Services", "src\Lykke.Job.CandlesProducer.Services\Lykke.Job.CandlesProducer.Services.csproj", "{D42134F9-A73E-4890-966D-746FE732934E}"
EndProject
Project("{9A19103F-16F7-4668-BE54-9A1E7A4F7556}") = "Lykke.Job.CandlesProducer.AzureRepositories", "src\Lykke.Job.CandlesProducer.AzureRepositories\Lykke.Job.CandlesProducer.AzureRepositories.csproj", "{1322B569-1032-4276-B86E-69F8BE3DC1F7}"
EndProject
Project("{9A19103F-16F7-4668-BE54-9A1E7A4F7556}") = "Lykke.Job.CandlesProducer.Tests", "tests\Lykke.Job.CandlesProducer.Tests\Lykke.Job.CandlesProducer.Tests.csproj", "{AAC9F450-14D7-4482-BC12-7C55006864E2}"
EndProject
Project("{2150E333-8FDC-42A3-9474-1A3956D46DE8}") = "4. Contract", "4. Contract", "{D363127E-C220-473B-AC5F-E155E7C259CE}"
EndProject
Project("{9A19103F-16F7-4668-BE54-9A1E7A4F7556}") = "Lykke.Job.CandlesProducer.Contract", "contract\Lykke.Job.CandlesProducer.Contract\Lykke.Job.CandlesProducer.Contract.csproj", "{13F545A0-DC26-490F-BCA4-78D2A2468417}"
EndProject
Project("{FAE04EC0-301F-11D3-BF4B-00C04F79EFBC}") = "Lykke.Job.CandlesProducer.SqlRepositories", "Lykke.Job.CandlesProducer.SqlRepositories\Lykke.Job.CandlesProducer.SqlRepositories.csproj", "{3569F8B0-E3DB-4D8C-8B82-0F9DEECFA205}"
EndProject
Global
	GlobalSection(SolutionConfigurationPlatforms) = preSolution
		Debug|Any CPU = Debug|Any CPU
		Release|Any CPU = Release|Any CPU
	EndGlobalSection
	GlobalSection(ProjectConfigurationPlatforms) = postSolution
		{5566FD3E-0DB6-4BF3-A98D-4A1181B3E02C}.Debug|Any CPU.ActiveCfg = Debug|Any CPU
		{5566FD3E-0DB6-4BF3-A98D-4A1181B3E02C}.Debug|Any CPU.Build.0 = Debug|Any CPU
		{5566FD3E-0DB6-4BF3-A98D-4A1181B3E02C}.Release|Any CPU.ActiveCfg = Release|Any CPU
		{5566FD3E-0DB6-4BF3-A98D-4A1181B3E02C}.Release|Any CPU.Build.0 = Release|Any CPU
		{0415D4B4-5275-4B5C-AFD5-644572CD91CD}.Debug|Any CPU.ActiveCfg = Debug|Any CPU
		{0415D4B4-5275-4B5C-AFD5-644572CD91CD}.Debug|Any CPU.Build.0 = Debug|Any CPU
		{0415D4B4-5275-4B5C-AFD5-644572CD91CD}.Release|Any CPU.ActiveCfg = Release|Any CPU
		{0415D4B4-5275-4B5C-AFD5-644572CD91CD}.Release|Any CPU.Build.0 = Release|Any CPU
		{D42134F9-A73E-4890-966D-746FE732934E}.Debug|Any CPU.ActiveCfg = Debug|Any CPU
		{D42134F9-A73E-4890-966D-746FE732934E}.Debug|Any CPU.Build.0 = Debug|Any CPU
		{D42134F9-A73E-4890-966D-746FE732934E}.Release|Any CPU.ActiveCfg = Release|Any CPU
		{D42134F9-A73E-4890-966D-746FE732934E}.Release|Any CPU.Build.0 = Release|Any CPU
		{1322B569-1032-4276-B86E-69F8BE3DC1F7}.Debug|Any CPU.ActiveCfg = Debug|Any CPU
		{1322B569-1032-4276-B86E-69F8BE3DC1F7}.Debug|Any CPU.Build.0 = Debug|Any CPU
		{1322B569-1032-4276-B86E-69F8BE3DC1F7}.Release|Any CPU.ActiveCfg = Release|Any CPU
		{1322B569-1032-4276-B86E-69F8BE3DC1F7}.Release|Any CPU.Build.0 = Release|Any CPU
		{AAC9F450-14D7-4482-BC12-7C55006864E2}.Debug|Any CPU.ActiveCfg = Debug|Any CPU
		{AAC9F450-14D7-4482-BC12-7C55006864E2}.Debug|Any CPU.Build.0 = Debug|Any CPU
		{AAC9F450-14D7-4482-BC12-7C55006864E2}.Release|Any CPU.ActiveCfg = Release|Any CPU
		{AAC9F450-14D7-4482-BC12-7C55006864E2}.Release|Any CPU.Build.0 = Release|Any CPU
		{13F545A0-DC26-490F-BCA4-78D2A2468417}.Debug|Any CPU.ActiveCfg = Debug|Any CPU
		{13F545A0-DC26-490F-BCA4-78D2A2468417}.Debug|Any CPU.Build.0 = Debug|Any CPU
		{13F545A0-DC26-490F-BCA4-78D2A2468417}.Release|Any CPU.ActiveCfg = Release|Any CPU
		{13F545A0-DC26-490F-BCA4-78D2A2468417}.Release|Any CPU.Build.0 = Release|Any CPU
		{3569F8B0-E3DB-4D8C-8B82-0F9DEECFA205}.Debug|Any CPU.ActiveCfg = Debug|Any CPU
		{3569F8B0-E3DB-4D8C-8B82-0F9DEECFA205}.Debug|Any CPU.Build.0 = Debug|Any CPU
		{3569F8B0-E3DB-4D8C-8B82-0F9DEECFA205}.Release|Any CPU.ActiveCfg = Release|Any CPU
		{3569F8B0-E3DB-4D8C-8B82-0F9DEECFA205}.Release|Any CPU.Build.0 = Release|Any CPU
	EndGlobalSection
	GlobalSection(SolutionProperties) = preSolution
		HideSolutionNode = FALSE
	EndGlobalSection
	GlobalSection(NestedProjects) = preSolution
		{0415D4B4-5275-4B5C-AFD5-644572CD91CD} = {68994F01-8220-4B7C-9AB8-14E137C44AE5}
		{D42134F9-A73E-4890-966D-746FE732934E} = {68994F01-8220-4B7C-9AB8-14E137C44AE5}
		{1322B569-1032-4276-B86E-69F8BE3DC1F7} = {AA5ECC48-14C3-4BE7-AF0C-D59FCA2742C2}
		{AAC9F450-14D7-4482-BC12-7C55006864E2} = {AB790991-CEB2-44A5-9C0C-A2D26DB86D41}
		{13F545A0-DC26-490F-BCA4-78D2A2468417} = {D363127E-C220-473B-AC5F-E155E7C259CE}
		{3569F8B0-E3DB-4D8C-8B82-0F9DEECFA205} = {AA5ECC48-14C3-4BE7-AF0C-D59FCA2742C2}
	EndGlobalSection
	GlobalSection(ExtensibilityGlobals) = postSolution
		SolutionGuid = {E17CC76F-19BA-4069-BAC6-AC22FAC27818}
	EndGlobalSection
	GlobalSection(Performance) = preSolution
		HasPerformanceSessions = true
	EndGlobalSection
	GlobalSection(Performance) = preSolution
		HasPerformanceSessions = true
	EndGlobalSection
EndGlobal
